
Microsoft Visual Studio Solution File, Format Version 12.00
# Visual Studio Version 16
VisualStudioVersion = 16.0.31702.278
MinimumVisualStudioVersion = 10.0.40219.1
Project("{FAE04EC0-301F-11D3-BF4B-00C04F79EFBC}") = "UrlShortener.WebApi", "UrlShortener.WebApi\UrlShortener.WebApi.csproj", "{D8EF3AF9-DD4E-4141-89B8-2163D4F418C6}"
EndProject
Global
	GlobalSection(SolutionConfigurationPlatforms) = preSolution
		Debug|Any CPU = Debug|Any CPU
		Release|Any CPU = Release|Any CPU
	EndGlobalSection
	GlobalSection(ProjectConfigurationPlatforms) = postSolution
		{D8EF3AF9-DD4E-4141-89B8-2163D4F418C6}.Debug|Any CPU.ActiveCfg = Debug|Any CPU
		{D8EF3AF9-DD4E-4141-89B8-2163D4F418C6}.Debug|Any CPU.Build.0 = Debug|Any CPU
		{D8EF3AF9-DD4E-4141-89B8-2163D4F418C6}.Release|Any CPU.ActiveCfg = Release|Any CPU
		{D8EF3AF9-DD4E-4141-89B8-2163D4F418C6}.Release|Any CPU.Build.0 = Release|Any CPU
	EndGlobalSection
	GlobalSection(SolutionProperties) = preSolution
		HideSolutionNode = FALSE
	EndGlobalSection
	GlobalSection(ExtensibilityGlobals) = postSolution
		SolutionGuid = {246C29F7-DD0C-4A10-B43E-25BEF2C62D27}
	EndGlobalSection
EndGlobal
